Microsoft Visual Studio Solution File, Format Version 7.00
Project("{83A0EA8E-D76E-42EE-894A-BCD4CD2BB664}") = "WebApplicationSampleCobol", "WebApplicationSampleCobol.cobp", "{1C653A76-99C5-467E-9DCF-44C17D569042}"
EndProject
Project("{54435603-DBB4-11D2-8724-00A0C9A8B90C}") = "WebApplicationSampleCobolSetup", "WebApplicationSampleCobolSetup\WebApplicationSampleCobolSetup.vdproj", "{E8286C7C-1178-4A4B-968A-BE60CB08CF9C}"
EndProject
Global
	GlobalSection(SolutionConfiguration) = preSolution
		ConfigName.0 = Debug
		ConfigName.1 = Release
	EndGlobalSection
	GlobalSection(ProjectDependencies) = postSolution
	EndGlobalSection
	GlobalSection(ProjectConfiguration) = postSolution
		{1C653A76-99C5-467E-9DCF-44C17D569042}.Debug.ActiveCfg = Debug|.NET
		{1C653A76-99C5-467E-9DCF-44C17D569042}.Debug.Build.0 = Debug|.NET
		{1C653A76-99C5-467E-9DCF-44C17D569042}.Release.ActiveCfg = Release|.NET
		{1C653A76-99C5-467E-9DCF-44C17D569042}.Release.Build.0 = Release|.NET
		{E8286C7C-1178-4A4B-968A-BE60CB08CF9C}.Debug.ActiveCfg = Debug
		{E8286C7C-1178-4A4B-968A-BE60CB08CF9C}.Release.ActiveCfg = Release
	EndGlobalSection
	GlobalSection(ExtensibilityGlobals) = postSolution
	EndGlobalSection
	GlobalSection(ExtensibilityAddIns) = postSolution
	EndGlobalSection
EndGlobal
