Microsoft Visual Studio Solution File, Format Version 7.00
Project("{83A0EA8E-D76E-42EE-894A-BCD4CD2BB664}") = "ValueTypeSampleCOBOL", "ValueTypeSampleCOBOL.cobp", "{2FFA4A94-D641-425D-919E-6E119ACBECF4}"
EndProject
Global
	GlobalSection(SolutionConfiguration) = preSolution
		ConfigName.0 = Debug
		ConfigName.1 = Release
	EndGlobalSection
	GlobalSection(ProjectDependencies) = postSolution
	EndGlobalSection
	GlobalSection(ProjectConfiguration) = postSolution
		{2FFA4A94-D641-425D-919E-6E119ACBECF4}.Debug.ActiveCfg = Debug|.NET
		{2FFA4A94-D641-425D-919E-6E119ACBECF4}.Debug.Build.0 = Debug|.NET
		{2FFA4A94-D641-425D-919E-6E119ACBECF4}.Release.ActiveCfg = Release|.NET
		{2FFA4A94-D641-425D-919E-6E119ACBECF4}.Release.Build.0 = Release|.NET
	EndGlobalSection
	GlobalSection(ExtensibilityGlobals) = postSolution
	EndGlobalSection
	GlobalSection(ExtensibilityAddIns) = postSolution
	EndGlobalSection
EndGlobal
