Microsoft Visual Studio Solution File, Format Version 7.00
Project("{83A0EA8E-D76E-42EE-894A-BCD4CD2BB664}") = "WebApplicationSampleCobol", "WebApplicationSampleCobol.cobp", "{1C653A76-99C5-467E-9DCF-44C17D569042}"
EndProject
Project("{06D95370-B7D2-11D1-87B4-00A0C91E2A46}") = "ACTProject1", "ACTProject1\ACTProject1.actproj", "{F2F7D54C-FF44-4301-B7DF-662B9E033871}"
EndProject
Global
	GlobalSection(SolutionConfiguration) = preSolution
		ConfigName.0 = Debug
		ConfigName.1 = Release
	EndGlobalSection
	GlobalSection(ProjectDependencies) = postSolution
	EndGlobalSection
	GlobalSection(ProjectConfiguration) = postSolution
		{1C653A76-99C5-467E-9DCF-44C17D569042}.Debug.ActiveCfg = Debug|.NET
		{1C653A76-99C5-467E-9DCF-44C17D569042}.Debug.Build.0 = Debug|.NET
		{1C653A76-99C5-467E-9DCF-44C17D569042}.Release.ActiveCfg = Release|.NET
		{1C653A76-99C5-467E-9DCF-44C17D569042}.Release.Build.0 = Release|.NET
		{F2F7D54C-FF44-4301-B7DF-662B9E033871}.Debug.ActiveCfg = Debug|Win32
		{F2F7D54C-FF44-4301-B7DF-662B9E033871}.Release.ActiveCfg = Release|Win32
	EndGlobalSection
	GlobalSection(ExtensibilityGlobals) = postSolution
	EndGlobalSection
	GlobalSection(ExtensibilityAddIns) = postSolution
	EndGlobalSection
EndGlobal
