Microsoft Visual Studio Solution File, Format Version 7.00
Project("{83A0EA8E-D76E-42EE-894A-BCD4CD2BB664}") = "MyFirstWinFormCobol", "MyFirstWinFormCobol.cobp", "{626EA972-362E-4C0C-AAAA-F212D75D5AD0}"
EndProject
Global
	GlobalSection(SolutionConfiguration) = preSolution
		ConfigName.0 = Debug
		ConfigName.1 = Release
	EndGlobalSection
	GlobalSection(ProjectDependencies) = postSolution
	EndGlobalSection
	GlobalSection(ProjectConfiguration) = postSolution
		{626EA972-362E-4C0C-AAAA-F212D75D5AD0}.Debug.ActiveCfg = Debug|.NET
		{626EA972-362E-4C0C-AAAA-F212D75D5AD0}.Debug.Build.0 = Debug|.NET
		{626EA972-362E-4C0C-AAAA-F212D75D5AD0}.Release.ActiveCfg = Release|.NET
		{626EA972-362E-4C0C-AAAA-F212D75D5AD0}.Release.Build.0 = Release|.NET
	EndGlobalSection
	GlobalSection(ExtensibilityGlobals) = postSolution
	EndGlobalSection
	GlobalSection(ExtensibilityAddIns) = postSolution
	EndGlobalSection
EndGlobal
