Microsoft Visual Studio Solution File, Format Version 7.00
Project("{F184B08F-C81C-45F6-A57F-5ABD9991F28F}") = "MyMSMQExampleVB", "MyMSMQExampleVB.vbproj", "{83410540-5683-4D14-8290-4FC417FD5EB2}"
EndProject
Global
	GlobalSection(SolutionConfiguration) = preSolution
		ConfigName.0 = Debug
		ConfigName.1 = Release
	EndGlobalSection
	GlobalSection(ProjectDependencies) = postSolution
	EndGlobalSection
	GlobalSection(ProjectConfiguration) = postSolution
		{83410540-5683-4D14-8290-4FC417FD5EB2}.Debug.ActiveCfg = Debug|.NET
		{83410540-5683-4D14-8290-4FC417FD5EB2}.Debug.Build.0 = Debug|.NET
		{83410540-5683-4D14-8290-4FC417FD5EB2}.Release.ActiveCfg = Release|.NET
		{83410540-5683-4D14-8290-4FC417FD5EB2}.Release.Build.0 = Release|.NET
	EndGlobalSection
	GlobalSection(ExtensibilityGlobals) = postSolution
	EndGlobalSection
	GlobalSection(ExtensibilityAddIns) = postSolution
	EndGlobalSection
EndGlobal
