Microsoft Visual Studio Solution File, Format Version 7.00
Project("{F184B08F-C81C-45F6-A57F-5ABD9991F28F}") = "FrameworkExampleVB", "FrameworkExampleVB.vbproj", "{ABD5521A-28AA-4676-905E-0D8F0418D5CF}"
EndProject
Global
	GlobalSection(SolutionConfiguration) = preSolution
		ConfigName.0 = Debug
		ConfigName.1 = Release
	EndGlobalSection
	GlobalSection(ProjectDependencies) = postSolution
	EndGlobalSection
	GlobalSection(ProjectConfiguration) = postSolution
		{ABD5521A-28AA-4676-905E-0D8F0418D5CF}.Debug.ActiveCfg = Debug|.NET
		{ABD5521A-28AA-4676-905E-0D8F0418D5CF}.Debug.Build.0 = Debug|.NET
		{ABD5521A-28AA-4676-905E-0D8F0418D5CF}.Release.ActiveCfg = Release|.NET
		{ABD5521A-28AA-4676-905E-0D8F0418D5CF}.Release.Build.0 = Release|.NET
	EndGlobalSection
	GlobalSection(ExtensibilityGlobals) = postSolution
	EndGlobalSection
	GlobalSection(ExtensibilityAddIns) = postSolution
	EndGlobalSection
EndGlobal
