Microsoft Visual Studio Solution File, Format Version 7.00
Project("{83A0EA8E-D76E-42EE-894A-BCD4CD2BB664}") = "MyInformativeWinFormCobol", "MyInformativeWinFormCobol.cobp", "{D2942BB5-4E54-4FC1-8B72-7053BCADE37B}"
EndProject
Global
	GlobalSection(SolutionConfiguration) = preSolution
		ConfigName.0 = Debug
		ConfigName.1 = Release
	EndGlobalSection
	GlobalSection(ProjectDependencies) = postSolution
	EndGlobalSection
	GlobalSection(ProjectConfiguration) = postSolution
		{D2942BB5-4E54-4FC1-8B72-7053BCADE37B}.Debug.ActiveCfg = Debug|.NET
		{D2942BB5-4E54-4FC1-8B72-7053BCADE37B}.Debug.Build.0 = Debug|.NET
		{D2942BB5-4E54-4FC1-8B72-7053BCADE37B}.Release.ActiveCfg = Release|.NET
		{D2942BB5-4E54-4FC1-8B72-7053BCADE37B}.Release.Build.0 = Release|.NET
	EndGlobalSection
	GlobalSection(ExtensibilityGlobals) = postSolution
	EndGlobalSection
	GlobalSection(ExtensibilityAddIns) = postSolution
	EndGlobalSection
EndGlobal
