Microsoft Visual Studio Solution File, Format Version 7.00
Project("{83A0EA8E-D76E-42EE-894A-BCD4CD2BB664}") = "MyFirstClassLibraryCobol", "MyFirstClassLibraryCobol.cobp", "{5ADEB2D5-B57F-4C52-97EA-3DBABF5B7B33}"
EndProject
Global
	GlobalSection(SolutionConfiguration) = preSolution
		ConfigName.0 = Debug
		ConfigName.1 = Release
	EndGlobalSection
	GlobalSection(ProjectDependencies) = postSolution
	EndGlobalSection
	GlobalSection(ProjectConfiguration) = postSolution
		{5ADEB2D5-B57F-4C52-97EA-3DBABF5B7B33}.Debug.ActiveCfg = Debug|.NET
		{5ADEB2D5-B57F-4C52-97EA-3DBABF5B7B33}.Debug.Build.0 = Debug|.NET
		{5ADEB2D5-B57F-4C52-97EA-3DBABF5B7B33}.Release.ActiveCfg = Release|.NET
		{5ADEB2D5-B57F-4C52-97EA-3DBABF5B7B33}.Release.Build.0 = Release|.NET
	EndGlobalSection
	GlobalSection(ExtensibilityGlobals) = postSolution
	EndGlobalSection
	GlobalSection(ExtensibilityAddIns) = postSolution
	EndGlobalSection
EndGlobal
