Microsoft Visual Studio Solution File, Format Version 7.00
Project("{83A0EA8E-D76E-42EE-894A-BCD4CD2BB664}") = "HeapGenerationExampleCOBOL", "HeapGenerationExampleCOBOL.cobp", "{0E3ADFA4-28A0-40DF-9B87-B80FA90D336B}"
EndProject
Global
	GlobalSection(SolutionConfiguration) = preSolution
		ConfigName.0 = Debug
		ConfigName.1 = Release
	EndGlobalSection
	GlobalSection(ProjectDependencies) = postSolution
	EndGlobalSection
	GlobalSection(ProjectConfiguration) = postSolution
		{0E3ADFA4-28A0-40DF-9B87-B80FA90D336B}.Debug.ActiveCfg = Debug|.NET
		{0E3ADFA4-28A0-40DF-9B87-B80FA90D336B}.Debug.Build.0 = Debug|.NET
		{0E3ADFA4-28A0-40DF-9B87-B80FA90D336B}.Release.ActiveCfg = Release|.NET
		{0E3ADFA4-28A0-40DF-9B87-B80FA90D336B}.Release.Build.0 = Release|.NET
	EndGlobalSection
	GlobalSection(ExtensibilityGlobals) = postSolution
	EndGlobalSection
	GlobalSection(ExtensibilityAddIns) = postSolution
	EndGlobalSection
EndGlobal
